PODS:
  - Charts (3.0.4):
    - Charts/Core (= 3.0.4)
  - Charts/Core (3.0.4)

DEPENDENCIES:
  - Charts (= 3.0.4)

SPEC REPOS:
  https://github.com/cocoapods/specs.git:
    - Charts

SPEC CHECKSUMS:
  Charts: 0705898046257443f0afbbc3179f4b67507b6e48

PODFILE CHECKSUM: f954cef2d9b21953f2edd7cdfa659685744dc6c0

COCOAPODS: 1.5.3
